<?xml version="1.0" encoding="UTF-8" standalone="yes" ?>
<CodeBlocks_project_file>
	<FileVersion major="1" minor="6" />
	<Project>
		<Option title="mcp23s17" />
		<Option makefile_is_custom="1" />
		<Option execution_dir="firmware/test/" />
		<Option pch_mode="2" />
		<Option compiler="gcc" />
		<MakeCommands>
			<Build command="$make --makefile=$makefile UNDER_TEST=$(PROJECT_NAME)" />
			<CompileFile command="$make --makefile=$makefile $file UNDER_TEST=$(PROJECT_NAME)" />
			<Clean command="$make --makefile=$makefile clean UNDER_TEST=$(PROJECT_NAME)" />
			<DistClean command="$make -f $makefile distclean$target" />
			<AskRebuildNeeded command="$make -q --makefile=$makefile UNDER_TEST=$(PROJECT_NAME)" />
			<SilentBuild command="$make --makefile=$makefile UNDER_TEST=$(PROJECT_NAME) &gt; $(CMD_NULL)" />
		</MakeCommands>
		<Build>
			<Target title="Debug">
				<Option output="firmware/test/gtest_$(PROJECT_NAME)" prefix_auto="1" extension_auto="1" />
				<Option object_output="obj/Debug/" />
				<Option type="1" />
				<Option compiler="gcc" />
				<Compiler>
					<Add option="-g" />
				</Compiler>
				<ExtraCommands>
					<Add after="make tidy_up" />
				</ExtraCommands>
				<MakeCommands>
					<Build command="$make --makefile=$makefile UNDER_TEST=$(PROJECT_NAME)" />
					<CompileFile command="$make --makefile=$makefile $file UNDER_TEST=$(PROJECT_NAME)" />
					<Clean command="$make --makefile=$makefile clean UNDER_TEST=$(PROJECT_NAME)" />
					<DistClean command="$make -f $makefile distclean$target" />
					<AskRebuildNeeded command="$make -q --makefile=$makefile UNDER_TEST=$(PROJECT_NAME)" />
					<SilentBuild command="$make --makefile=$makefile UNDER_TEST=$(PROJECT_NAME) &gt; $(CMD_NULL)" />
				</MakeCommands>
			</Target>
			<Target title="Release">
				<Option output="firmware/test/gtest_$(PROJECT_NAME)" prefix_auto="1" extension_auto="1" />
				<Option object_output="obj/Release/" />
				<Option type="1" />
				<Option compiler="gcc" />
				<Compiler>
					<Add option="-O2" />
				</Compiler>
				<Linker>
					<Add option="-s" />
				</Linker>
				<ExtraCommands>
					<Add after="make tidy_up" />
				</ExtraCommands>
				<MakeCommands>
					<Build command="$make --makefile=$makefile UNDER_TEST=$(PROJECT_NAME)" />
					<CompileFile command="$make --makefile=$makefile $file UNDER_TEST=$(PROJECT_NAME)" />
					<Clean command="$make --makefile=$makefile clean UNDER_TEST=$(PROJECT_NAME)" />
					<DistClean command="$make -f $makefile distclean$target" />
					<AskRebuildNeeded command="$make -q --makefile=$makefile UNDER_TEST=$(PROJECT_NAME)" />
					<SilentBuild command="$make --makefile=$makefile UNDER_TEST=$(PROJECT_NAME) &gt; $(CMD_NULL)" />
				</MakeCommands>
			</Target>
		</Build>
		<Compiler>
			<Add option="-O3" />
			<Add option="-std=c++11" />
			<Add option="-Wextra" />
			<Add option="-Wall" />
		</Compiler>
		<ExtraCommands>
			<Add after="make tidy_up" />
		</ExtraCommands>
		<Unit filename="LICENSE" />
		<Unit filename="README.md" />
		<Unit filename="firmware/examples/HelloBlinky.ino" />
		<Unit filename="firmware/mcp23s17.cpp" />
		<Unit filename="firmware/mcp23s17.h" />
		<Unit filename="firmware/test/MOCK_wiring.cpp">
			<Option target="Debug" />
		</Unit>
		<Unit filename="firmware/test/MOCK_wiring.h">
			<Option target="Debug" />
		</Unit>
		<Unit filename="firmware/test/Makefile">
			<Option target="Debug" />
		</Unit>
		<Unit filename="firmware/test/gtest_mcp23s17.cpp">
			<Option target="Debug" />
		</Unit>
		<Unit filename="spark.json" />
		<Extensions>
			<editor_config active="1" use_tabs="0" tab_indents="1" tab_width="4" indent="4" eol_mode="0" />
			<code_completion />
			<envvars />
			<debugger />
			<lib_finder disable_auto="1" />
		</Extensions>
	</Project>
</CodeBlocks_project_file>
